PODS:
  - JTAppleCalendar (7.1.6)

DEPENDENCIES:
  - JTAppleCalendar (~> 7.0)

SPEC REPOS:
  https://github.com/cocoapods/specs.git:
    - JTAppleCalendar

SPEC CHECKSUMS:
  JTAppleCalendar: abb30678f42a4ef8a340a932b1dcb8c85a33dac2

PODFILE CHECKSUM: 348dbd380d54c2efa05699c0bb708c4f8fc7e9a7

COCOAPODS: 1.5.3
